
Microsoft Visual Studio Solution File, Format Version 12.00
# Visual Studio 15
VisualStudioVersion = 15.0.28307.329
MinimumVisualStudioVersion = 10.0.40219.1
Project("{9A19103F-16F7-4668-BE54-9A1E7A4F7556}") = "Demo.DAL", "Demo.DAL\Demo.DAL.csproj", "{22568108-C4E8-4609-96ED-0CBB2EDFF0EC}"
EndProject
Project("{9A19103F-16F7-4668-BE54-9A1E7A4F7556}") = "Demo.IDAL", "Demo.IDAL\Demo.IDAL.csproj", "{DCC4C030-0AD2-4403-86C1-197BC22D23DC}"
EndProject
Project("{9A19103F-16F7-4668-BE54-9A1E7A4F7556}") = "Demo.Web.MVC", "Demo.Web.MVC\Demo.Web.MVC.csproj", "{5F4DE581-83ED-4EDE-B5B4-CBE984AAC926}"
EndProject
Project("{9A19103F-16F7-4668-BE54-9A1E7A4F7556}") = "Demo.BLL", "Demo.BLL\Demo.BLL.csproj", "{BF35EB8B-24C5-4F05-911F-FDC47B84167A}"
EndProject
Project("{9A19103F-16F7-4668-BE54-9A1E7A4F7556}") = "Demo.IBLL", "Demo.IBLL\Demo.IBLL.csproj", "{EBE733DF-24ED-4880-ABA6-FAC42B912178}"
EndProject
Project("{2150E333-8FDC-42A3-9474-1A3956D46DE8}") = "01-DataExhibition", "01-DataExhibition", "{689FF8CB-E5B3-4076-81FB-CC48A0E18E5A}"
EndProject
Project("{2150E333-8FDC-42A3-9474-1A3956D46DE8}") = "03-DataSource", "03-DataSource", "{D392EC04-B0EE-4A09-8FEC-0FAC74B2F0FF}"
EndProject
Project("{2150E333-8FDC-42A3-9474-1A3956D46DE8}") = "02-DataTransfer", "02-DataTransfer", "{0D00B094-51A1-4557-9EAD-D7DEE43D3D94}"
EndProject
Project("{2150E333-8FDC-42A3-9474-1A3956D46DE8}") = "06-UnitTest", "06-UnitTest", "{9E0E8AD9-89CC-4835-BA17-9982300492C8}"
EndProject
Project("{2150E333-8FDC-42A3-9474-1A3956D46DE8}") = "04-DataModel", "04-DataModel", "{E41D8357-AAF8-428A-9937-B091DC3C23DF}"
EndProject
Project("{2150E333-8FDC-42A3-9474-1A3956D46DE8}") = "07-Utils", "07-Utils", "{8780033E-8D5F-45FC-AE61-FF03FEDDE73C}"
EndProject
Project("{2150E333-8FDC-42A3-9474-1A3956D46DE8}") = "05-Framework", "05-Framework", "{5DE8A7B2-D1CD-477D-853A-73FE9FCE7CA5}"
EndProject
Project("{9A19103F-16F7-4668-BE54-9A1E7A4F7556}") = "Demo.Log4Net", "Demo.Log4Net\Demo.Log4Net.csproj", "{3203A358-9943-4443-8BD8-38A4084146A1}"
EndProject
Project("{9A19103F-16F7-4668-BE54-9A1E7A4F7556}") = "Demo.Model", "Demo.Model\Demo.Model.csproj", "{E60D234D-EF76-4E3D-A8B2-3BBB15CA5090}"
EndProject
Project("{9A19103F-16F7-4668-BE54-9A1E7A4F7556}") = "DataSourceTest", "Demo.UnitTest\DataSourceTest.csproj", "{292158A0-5CE9-4C06-9742-84D278F610B2}"
EndProject
Project("{9A19103F-16F7-4668-BE54-9A1E7A4F7556}") = "Demo.API", "Demo.API\Demo.API.csproj", "{384BA558-E3D3-47CF-9781-4F3FB5EF41CC}"
EndProject
Project("{9A19103F-16F7-4668-BE54-9A1E7A4F7556}") = "Demo.Autofac", "Demo.Autofac\Demo.Autofac.csproj", "{0839A253-6BB5-4AA6-9276-CDE5AFCB5246}"
EndProject
Project("{9A19103F-16F7-4668-BE54-9A1E7A4F7556}") = "Demo.AspectCore", "Demo.AspectCore\Demo.AspectCore.csproj", "{E862838F-6F13-49C6-8AC2-2846DC3FF02E}"
EndProject
Project("{9A19103F-16F7-4668-BE54-9A1E7A4F7556}") = "Demo.Common", "Demo.Common\Demo.Common.csproj", "{4CC84D6A-BDD9-4A0B-A62C-D2BF52A034A1}"
EndProject
Project("{2150E333-8FDC-42A3-9474-1A3956D46DE8}") = "ReadMe", "ReadMe", "{F9120421-78BF-4BF8-ACC4-65D1346C898B}"
	ProjectSection(SolutionItems) = preProject
		README.md = README.md
	EndProjectSection
EndProject
Project("{9A19103F-16F7-4668-BE54-9A1E7A4F7556}") = "Demo.Web.React", "Demo.Web.React\Demo.Web.React.csproj", "{DAFA8E5A-2060-44F9-8F25-90B594EB7E50}"
EndProject
Project("{FAE04EC0-301F-11D3-BF4B-00C04F79EFBC}") = "Demo.NHibernate", "Demo.NHibernate\Demo.NHibernate.csproj", "{327973F0-FEF1-4BD8-8F32-6C1E309AFF6E}"
EndProject
Global
	GlobalSection(SolutionConfigurationPlatforms) = preSolution
		Debug|Any CPU = Debug|Any CPU
		Release|Any CPU = Release|Any CPU
	EndGlobalSection
	GlobalSection(ProjectConfigurationPlatforms) = postSolution
		{22568108-C4E8-4609-96ED-0CBB2EDFF0EC}.Debug|Any CPU.ActiveCfg = Debug|Any CPU
		{22568108-C4E8-4609-96ED-0CBB2EDFF0EC}.Debug|Any CPU.Build.0 = Debug|Any CPU
		{22568108-C4E8-4609-96ED-0CBB2EDFF0EC}.Release|Any CPU.ActiveCfg = Release|Any CPU
		{22568108-C4E8-4609-96ED-0CBB2EDFF0EC}.Release|Any CPU.Build.0 = Release|Any CPU
		{DCC4C030-0AD2-4403-86C1-197BC22D23DC}.Debug|Any CPU.ActiveCfg = Debug|Any CPU
		{DCC4C030-0AD2-4403-86C1-197BC22D23DC}.Debug|Any CPU.Build.0 = Debug|Any CPU
		{DCC4C030-0AD2-4403-86C1-197BC22D23DC}.Release|Any CPU.ActiveCfg = Release|Any CPU
		{DCC4C030-0AD2-4403-86C1-197BC22D23DC}.Release|Any CPU.Build.0 = Release|Any CPU
		{5F4DE581-83ED-4EDE-B5B4-CBE984AAC926}.Debug|Any CPU.ActiveCfg = Debug|Any CPU
		{5F4DE581-83ED-4EDE-B5B4-CBE984AAC926}.Debug|Any CPU.Build.0 = Debug|Any CPU
		{5F4DE581-83ED-4EDE-B5B4-CBE984AAC926}.Release|Any CPU.ActiveCfg = Release|Any CPU
		{5F4DE581-83ED-4EDE-B5B4-CBE984AAC926}.Release|Any CPU.Build.0 = Release|Any CPU
		{BF35EB8B-24C5-4F05-911F-FDC47B84167A}.Debug|Any CPU.ActiveCfg = Debug|Any CPU
		{BF35EB8B-24C5-4F05-911F-FDC47B84167A}.Debug|Any CPU.Build.0 = Debug|Any CPU
		{BF35EB8B-24C5-4F05-911F-FDC47B84167A}.Release|Any CPU.ActiveCfg = Release|Any CPU
		{BF35EB8B-24C5-4F05-911F-FDC47B84167A}.Release|Any CPU.Build.0 = Release|Any CPU
		{EBE733DF-24ED-4880-ABA6-FAC42B912178}.Debug|Any CPU.ActiveCfg = Debug|Any CPU
		{EBE733DF-24ED-4880-ABA6-FAC42B912178}.Debug|Any CPU.Build.0 = Debug|Any CPU
		{EBE733DF-24ED-4880-ABA6-FAC42B912178}.Release|Any CPU.ActiveCfg = Release|Any CPU
		{EBE733DF-24ED-4880-ABA6-FAC42B912178}.Release|Any CPU.Build.0 = Release|Any CPU
		{3203A358-9943-4443-8BD8-38A4084146A1}.Debug|Any CPU.ActiveCfg = Debug|Any CPU
		{3203A358-9943-4443-8BD8-38A4084146A1}.Debug|Any CPU.Build.0 = Debug|Any CPU
		{3203A358-9943-4443-8BD8-38A4084146A1}.Release|Any CPU.ActiveCfg = Release|Any CPU
		{3203A358-9943-4443-8BD8-38A4084146A1}.Release|Any CPU.Build.0 = Release|Any CPU
		{E60D234D-EF76-4E3D-A8B2-3BBB15CA5090}.Debug|Any CPU.ActiveCfg = Debug|Any CPU
		{E60D234D-EF76-4E3D-A8B2-3BBB15CA5090}.Debug|Any CPU.Build.0 = Debug|Any CPU
		{E60D234D-EF76-4E3D-A8B2-3BBB15CA5090}.Release|Any CPU.ActiveCfg = Release|Any CPU
		{E60D234D-EF76-4E3D-A8B2-3BBB15CA5090}.Release|Any CPU.Build.0 = Release|Any CPU
		{292158A0-5CE9-4C06-9742-84D278F610B2}.Debug|Any CPU.ActiveCfg = Debug|Any CPU
		{292158A0-5CE9-4C06-9742-84D278F610B2}.Debug|Any CPU.Build.0 = Debug|Any CPU
		{292158A0-5CE9-4C06-9742-84D278F610B2}.Release|Any CPU.ActiveCfg = Release|Any CPU
		{292158A0-5CE9-4C06-9742-84D278F610B2}.Release|Any CPU.Build.0 = Release|Any CPU
		{384BA558-E3D3-47CF-9781-4F3FB5EF41CC}.Debug|Any CPU.ActiveCfg = Debug|Any CPU
		{384BA558-E3D3-47CF-9781-4F3FB5EF41CC}.Debug|Any CPU.Build.0 = Debug|Any CPU
		{384BA558-E3D3-47CF-9781-4F3FB5EF41CC}.Release|Any CPU.ActiveCfg = Release|Any CPU
		{384BA558-E3D3-47CF-9781-4F3FB5EF41CC}.Release|Any CPU.Build.0 = Release|Any CPU
		{0839A253-6BB5-4AA6-9276-CDE5AFCB5246}.Debug|Any CPU.ActiveCfg = Debug|Any CPU
		{0839A253-6BB5-4AA6-9276-CDE5AFCB5246}.Debug|Any CPU.Build.0 = Debug|Any CPU
		{0839A253-6BB5-4AA6-9276-CDE5AFCB5246}.Release|Any CPU.ActiveCfg = Release|Any CPU
		{0839A253-6BB5-4AA6-9276-CDE5AFCB5246}.Release|Any CPU.Build.0 = Release|Any CPU
		{E862838F-6F13-49C6-8AC2-2846DC3FF02E}.Debug|Any CPU.ActiveCfg = Debug|Any CPU
		{E862838F-6F13-49C6-8AC2-2846DC3FF02E}.Debug|Any CPU.Build.0 = Debug|Any CPU
		{E862838F-6F13-49C6-8AC2-2846DC3FF02E}.Release|Any CPU.ActiveCfg = Release|Any CPU
		{E862838F-6F13-49C6-8AC2-2846DC3FF02E}.Release|Any CPU.Build.0 = Release|Any CPU
		{4CC84D6A-BDD9-4A0B-A62C-D2BF52A034A1}.Debug|Any CPU.ActiveCfg = Debug|Any CPU
		{4CC84D6A-BDD9-4A0B-A62C-D2BF52A034A1}.Debug|Any CPU.Build.0 = Debug|Any CPU
		{4CC84D6A-BDD9-4A0B-A62C-D2BF52A034A1}.Release|Any CPU.ActiveCfg = Release|Any CPU
		{4CC84D6A-BDD9-4A0B-A62C-D2BF52A034A1}.Release|Any CPU.Build.0 = Release|Any CPU
		{DAFA8E5A-2060-44F9-8F25-90B594EB7E50}.Debug|Any CPU.ActiveCfg = Debug|Any CPU
		{DAFA8E5A-2060-44F9-8F25-90B594EB7E50}.Debug|Any CPU.Build.0 = Debug|Any CPU
		{DAFA8E5A-2060-44F9-8F25-90B594EB7E50}.Release|Any CPU.ActiveCfg = Release|Any CPU
		{DAFA8E5A-2060-44F9-8F25-90B594EB7E50}.Release|Any CPU.Build.0 = Release|Any CPU
		{327973F0-FEF1-4BD8-8F32-6C1E309AFF6E}.Debug|Any CPU.ActiveCfg = Debug|Any CPU
		{327973F0-FEF1-4BD8-8F32-6C1E309AFF6E}.Debug|Any CPU.Build.0 = Debug|Any CPU
		{327973F0-FEF1-4BD8-8F32-6C1E309AFF6E}.Release|Any CPU.ActiveCfg = Release|Any CPU
		{327973F0-FEF1-4BD8-8F32-6C1E309AFF6E}.Release|Any CPU.Build.0 = Release|Any CPU
	EndGlobalSection
	GlobalSection(SolutionProperties) = preSolution
		HideSolutionNode = FALSE
	EndGlobalSection
	GlobalSection(NestedProjects) = preSolution
		{22568108-C4E8-4609-96ED-0CBB2EDFF0EC} = {D392EC04-B0EE-4A09-8FEC-0FAC74B2F0FF}
		{DCC4C030-0AD2-4403-86C1-197BC22D23DC} = {D392EC04-B0EE-4A09-8FEC-0FAC74B2F0FF}
		{5F4DE581-83ED-4EDE-B5B4-CBE984AAC926} = {689FF8CB-E5B3-4076-81FB-CC48A0E18E5A}
		{BF35EB8B-24C5-4F05-911F-FDC47B84167A} = {D392EC04-B0EE-4A09-8FEC-0FAC74B2F0FF}
		{EBE733DF-24ED-4880-ABA6-FAC42B912178} = {D392EC04-B0EE-4A09-8FEC-0FAC74B2F0FF}
		{3203A358-9943-4443-8BD8-38A4084146A1} = {5DE8A7B2-D1CD-477D-853A-73FE9FCE7CA5}
		{E60D234D-EF76-4E3D-A8B2-3BBB15CA5090} = {E41D8357-AAF8-428A-9937-B091DC3C23DF}
		{292158A0-5CE9-4C06-9742-84D278F610B2} = {9E0E8AD9-89CC-4835-BA17-9982300492C8}
		{384BA558-E3D3-47CF-9781-4F3FB5EF41CC} = {0D00B094-51A1-4557-9EAD-D7DEE43D3D94}
		{0839A253-6BB5-4AA6-9276-CDE5AFCB5246} = {5DE8A7B2-D1CD-477D-853A-73FE9FCE7CA5}
		{E862838F-6F13-49C6-8AC2-2846DC3FF02E} = {5DE8A7B2-D1CD-477D-853A-73FE9FCE7CA5}
		{4CC84D6A-BDD9-4A0B-A62C-D2BF52A034A1} = {8780033E-8D5F-45FC-AE61-FF03FEDDE73C}
		{DAFA8E5A-2060-44F9-8F25-90B594EB7E50} = {689FF8CB-E5B3-4076-81FB-CC48A0E18E5A}
		{327973F0-FEF1-4BD8-8F32-6C1E309AFF6E} = {5DE8A7B2-D1CD-477D-853A-73FE9FCE7CA5}
	EndGlobalSection
	GlobalSection(ExtensibilityGlobals) = postSolution
		SolutionGuid = {08535048-8016-4158-AA8B-87E1D39BFA31}
	EndGlobalSection
EndGlobal
